
Microsoft Visual Studio Solution File, Format Version 12.00
# Visual Studio Version 17
VisualStudioVersion = 17.14.36109.1 d17.14
MinimumVisualStudioVersion = 10.0.40219.1
Project("{FAE04EC0-301F-11D3-BF4B-00C04F79EFBC}") = "MvcCalismam", "MvcCalismam\MvcCalismam.csproj", "{0D48D985-043C-413D-AF59-E5DC1D5D18E3}"
EndProject
Global
	GlobalSection(SolutionConfigurationPlatforms) = preSolution
		Debug|Any CPU = Debug|Any CPU
		Release|Any CPU = Release|Any CPU
	EndGlobalSection
	GlobalSection(ProjectConfigurationPlatforms) = postSolution
		{0D48D985-043C-413D-AF59-E5DC1D5D18E3}.Debug|Any CPU.ActiveCfg = Debug|Any CPU
		{0D48D985-043C-413D-AF59-E5DC1D5D18E3}.Debug|Any CPU.Build.0 = Debug|Any CPU
		{0D48D985-043C-413D-AF59-E5DC1D5D18E3}.Release|Any CPU.ActiveCfg = Release|Any CPU
		{0D48D985-043C-413D-AF59-E5DC1D5D18E3}.Release|Any CPU.Build.0 = Release|Any CPU
	EndGlobalSection
	GlobalSection(SolutionProperties) = preSolution
		HideSolutionNode = FALSE
	EndGlobalSection
	GlobalSection(ExtensibilityGlobals) = postSolution
		SolutionGuid = {99F3225E-D851-42EA-9A20-2CB3B9B3BE49}
	EndGlobalSection
EndGlobal
